
Microsoft Visual Studio Solution File, Format Version 12.00
# Visual Studio Version 17
VisualStudioVersion = 17.3.32901.215
MinimumVisualStudioVersion = 10.0.40219.1
Project("{9A19103F-16F7-4668-BE54-9A1E7A4F7556}") = "DriveWebApi", "DriveWebApi\DriveWebApi.csproj", "{BEC3ED54-0B14-477A-AA82-E666C730D9D5}"
EndProject
Project("{9A19103F-16F7-4668-BE54-9A1E7A4F7556}") = "DriveWebApi.Models", "DriveWebApi.Models\DriveWebApi.Models.csproj", "{AE83D7BF-8160-4477-A082-B60E1FE9ADE0}"
EndProject
Global
	GlobalSection(SolutionConfigurationPlatforms) = preSolution
		Debug|Any CPU = Debug|Any CPU
		Release|Any CPU = Release|Any CPU
	EndGlobalSection
	GlobalSection(ProjectConfigurationPlatforms) = postSolution
		{BEC3ED54-0B14-477A-AA82-E666C730D9D5}.Debug|Any CPU.ActiveCfg = Debug|Any CPU
		{BEC3ED54-0B14-477A-AA82-E666C730D9D5}.Debug|Any CPU.Build.0 = Debug|Any CPU
		{BEC3ED54-0B14-477A-AA82-E666C730D9D5}.Release|Any CPU.ActiveCfg = Release|Any CPU
		{BEC3ED54-0B14-477A-AA82-E666C730D9D5}.Release|Any CPU.Build.0 = Release|Any CPU
		{AE83D7BF-8160-4477-A082-B60E1FE9ADE0}.Debug|Any CPU.ActiveCfg = Debug|Any CPU
		{AE83D7BF-8160-4477-A082-B60E1FE9ADE0}.Debug|Any CPU.Build.0 = Debug|Any CPU
		{AE83D7BF-8160-4477-A082-B60E1FE9ADE0}.Release|Any CPU.ActiveCfg = Release|Any CPU
		{AE83D7BF-8160-4477-A082-B60E1FE9ADE0}.Release|Any CPU.Build.0 = Release|Any CPU
	EndGlobalSection
	GlobalSection(SolutionProperties) = preSolution
		HideSolutionNode = FALSE
	EndGlobalSection
	GlobalSection(ExtensibilityGlobals) = postSolution
		SolutionGuid = {7A6AACBA-0E43-45E1-B0A5-4FBD7138DF05}
	EndGlobalSection
EndGlobal
